
Microsoft Visual Studio Solution File, Format Version 12.00
# Visual Studio Express 2013 for Web
VisualStudioVersion = 12.0.30723.0
MinimumVisualStudioVersion = 10.0.40219.1
Project("{FAE04EC0-301F-11D3-BF4B-00C04F79EFBC}") = "SportsStore.Domain", "SportsStore.Domain\SportsStore.Domain.csproj", "{6CA2D623-4B31-45B9-B3B1-537F7555E586}"
EndProject
Project("{FAE04EC0-301F-11D3-BF4B-00C04F79EFBC}") = "SportsStore.WebUI", "SportsStore.WebUI\SportsStore.WebUI.csproj", "{13E0752E-B70D-44F8-B80E-F0423C01A497}"
EndProject
Project("{FAE04EC0-301F-11D3-BF4B-00C04F79EFBC}") = "SportsStore.UnitTests", "SportsStore.UnitTests\SportsStore.UnitTests.csproj", "{9C7E3BDE-717E-4E99-81AB-DC4BDEB282D9}"
EndProject
Global
	GlobalSection(SolutionConfigurationPlatforms) = preSolution
		Debug|Any CPU = Debug|Any CPU
		Release|Any CPU = Release|Any CPU
	EndGlobalSection
	GlobalSection(ProjectConfigurationPlatforms) = postSolution
		{6CA2D623-4B31-45B9-B3B1-537F7555E586}.Debug|Any CPU.ActiveCfg = Debug|Any CPU
		{6CA2D623-4B31-45B9-B3B1-537F7555E586}.Debug|Any CPU.Build.0 = Debug|Any CPU
		{6CA2D623-4B31-45B9-B3B1-537F7555E586}.Release|Any CPU.ActiveCfg = Release|Any CPU
		{6CA2D623-4B31-45B9-B3B1-537F7555E586}.Release|Any CPU.Build.0 = Release|Any CPU
		{13E0752E-B70D-44F8-B80E-F0423C01A497}.Debug|Any CPU.ActiveCfg = Debug|Any CPU
		{13E0752E-B70D-44F8-B80E-F0423C01A497}.Debug|Any CPU.Build.0 = Debug|Any CPU
		{13E0752E-B70D-44F8-B80E-F0423C01A497}.Release|Any CPU.ActiveCfg = Release|Any CPU
		{13E0752E-B70D-44F8-B80E-F0423C01A497}.Release|Any CPU.Build.0 = Release|Any CPU
		{9C7E3BDE-717E-4E99-81AB-DC4BDEB282D9}.Debug|Any CPU.ActiveCfg = Debug|Any CPU
		{9C7E3BDE-717E-4E99-81AB-DC4BDEB282D9}.Debug|Any CPU.Build.0 = Debug|Any CPU
		{9C7E3BDE-717E-4E99-81AB-DC4BDEB282D9}.Release|Any CPU.ActiveCfg = Release|Any CPU
		{9C7E3BDE-717E-4E99-81AB-DC4BDEB282D9}.Release|Any CPU.Build.0 = Release|Any CPU
	EndGlobalSection
	GlobalSection(SolutionProperties) = preSolution
		HideSolutionNode = FALSE
	EndGlobalSection
EndGlobal
